// !$*UTF8*$!
{
	archiveVersion = 1;
	classes = {
	};
	objectVersion = 56;
	objects = {

/* Begin PBXBuildFile section */
		B7FAAB3A2C2A88D3008724DA /* PasswordManagerApp.swift in Sources */ = {isa = PBXBuildFile; fileRef = B7FAAB392C2A88D3008724DA /* PasswordManagerApp.swift */; };
		B7FAAB3C2C2A88D3008724DA /* ContentView.swift in Sources */ = {isa = PBXBuildFile; fileRef = B7FAAB3B2C2A88D3008724DA /* ContentView.swift */; };
		B7FAAB3E2C2A88D5008724DA /* Assets.xcassets in Resources */ = {isa = PBXBuildFile; fileRef = B7FAAB3D2C2A88D5008724DA /* Assets.xcassets */; };
		B7FAAB412C2A88D5008724DA /* Preview Assets.xcassets in Resources */ = {isa = PBXBuildFile; fileRef = B7FAAB402C2A88D5008724DA /* Preview Assets.xcassets */; };
		B7FAAB482C2A89BC008724DA /* Password.swift in Sources */ = {isa = PBXBuildFile; fileRef = B7FAAB472C2A89BC008724DA /* Password.swift */; };
		B7FAAB4C2C2A8A36008724DA /* PasswordStore.swift in Sources */ = {isa = PBXBuildFile; fileRef = B7FAAB4B2C2A8A36008724DA /* PasswordStore.swift */; };
		B7FAAB4E2C2A8A5B008724DA /* HomeView.swift in Sources */ = {isa = PBXBuildFile; fileRef = B7FAAB4D2C2A8A5B008724DA /* HomeView.swift */; };
		B7FAAB502C2A8A80008724DA /* AddPasswordView.swift in Sources */ = {isa = PBXBuildFile; fileRef = B7FAAB4F2C2A8A80008724DA /* AddPasswordView.swift */; };
		B7FAAB522C2A8AA2008724DA /* PasswordDetailView.swift in Sources */ = {isa = PBXBuildFile; fileRef = B7FAAB512C2A8AA2008724DA /* PasswordDetailView.swift */; };
		B7FAAB542C2A9283008724DA /* BottomSheetView.swift in Sources */ = {isa = PBXBuildFile; fileRef = B7FAAB532C2A9283008724DA /* BottomSheetView.swift */; };
		B7FAAB572C2AA382008724DA /* PasswordModel.xcdatamodeld in Sources */ = {isa = PBXBuildFile; fileRef = B7FAAB552C2AA382008724DA /* PasswordModel.xcdatamodeld */; };
		B7FAAB592C2AA41B008724DA /* EncryptionHelper.swift in Sources */ = {isa = PBXBuildFile; fileRef = B7FAAB582C2AA41B008724DA /* EncryptionHelper.swift */; };
/* End PBXBuildFile section */

/* Begin PBXFileReference section */
		B7FAAB362C2A88D3008724DA /* PasswordManager.app */ = {isa = PBXFileReference; explicitFileType = wrapper.application; includeInIndex = 0; path = PasswordManager.app; sourceTree = BUILT_PRODUCTS_DIR; };
		B7FAAB392C2A88D3008724DA /* PasswordManagerApp.swift */ = {isa = PBXFileReference; lastKnownFileType = sourcecode.swift; path = PasswordManagerApp.swift; sourceTree = "<group>"; };
		B7FAAB3B2C2A88D3008724DA /* ContentView.swift */ = {isa = PBXFileReference; lastKnownFileType = sourcecode.swift; path = ContentView.swift; sourceTree = "<group>"; };
		B7FAAB3D2C2A88D5008724DA /* Assets.xcassets */ = {isa = PBXFileReference; lastKnownFileType = folder.assetcatalog; path = Assets.xcassets; sourceTree = "<group>"; };
		B7FAAB402C2A88D5008724DA /* Preview Assets.xcassets */ = {isa = PBXFileReference; lastKnownFileType = folder.assetcatalog; path = "Preview Assets.xcassets"; sourceTree = "<group>"; };
		B7FAAB472C2A89BC008724DA /* Password.swift */ = {isa = PBXFileReference; lastKnownFileType = sourcecode.swift; path = Password.swift; sourceTree = "<group>"; };
		B7FAAB4B2C2A8A36008724DA /* PasswordStore.swift */ = {isa = PBXFileReference; lastKnownFileType = sourcecode.swift; path = PasswordStore.swift; sourceTree = "<group>"; };
		B7FAAB4D2C2A8A5B008724DA /* HomeView.swift */ = {isa = PBXFileReference; lastKnownFileType = sourcecode.swift; path = HomeView.swift; sourceTree = "<group>"; };
		B7FAAB4F2C2A8A80008724DA /* AddPasswordView.swift */ = {isa = PBXFileReference; lastKnownFileType = sourcecode.swift; path = AddPasswordView.swift; sourceTree = "<group>"; };
		B7FAAB512C2A8AA2008724DA /* PasswordDetailView.swift */ = {isa = PBXFileReference; lastKnownFileType = sourcecode.swift; path = PasswordDetailView.swift; sourceTree = "<group>"; };
		B7FAAB532C2A9283008724DA /* BottomSheetView.swift */ = {isa = PBXFileReference; lastKnownFileType = sourcecode.swift; path = BottomSheetView.swift; sourceTree = "<group>"; };
		B7FAAB562C2AA382008724DA /* PasswordModel.xcdatamodel */ = {isa = PBXFileReference; lastKnownFileType = wrapper.xcdatamodel; path = PasswordModel.xcdatamodel; sourceTree = "<group>"; };
		B7FAAB582C2AA41B008724DA /* EncryptionHelper.swift */ = {isa = PBXFileReference; lastKnownFileType = sourcecode.swift; path = EncryptionHelper.swift; sourceTree = "<group>"; };
/* End PBXFileReference section */

/* Begin PBXFrameworksBuildPhase section */
		B7FAAB332C2A88D3008724DA /* Frameworks */ = {
			isa = PBXFrameworksBuildPhase;
			buildActionMask = 2147483647;
			files = (
			);
			runOnlyForDeploymentPostprocessing = 0;
		};
/* End PBXFrameworksBuildPhase section */

/* Begin PBXGroup section */
		B7FAAB2D2C2A88D3008724DA = {
			isa = PBXGroup;
			children = (
				B7FAAB382C2A88D3008724DA /* PasswordManager */,
				B7FAAB372C2A88D3008724DA /* Products */,
			);
			sourceTree = "<group>";
		};
		B7FAAB372C2A88D3008724DA /* Products */ = {
			isa = PBXGroup;
			children = (
				B7FAAB362C2A88D3008724DA /* PasswordManager.app */,
			);
			name = Products;
			sourceTree = "<group>";
		};
		B7FAAB382C2A88D3008724DA /* PasswordManager */ = {
			isa = PBXGroup;
			children = (
				B7FAAB392C2A88D3008724DA /* PasswordManagerApp.swift */,
				B7FAAB3B2C2A88D3008724DA /* ContentView.swift */,
				B7FAAB4B2C2A8A36008724DA /* PasswordStore.swift */,
				B7FAAB4D2C2A8A5B008724DA /* HomeView.swift */,
				B7FAAB472C2A89BC008724DA /* Password.swift */,
				B7FAAB4F2C2A8A80008724DA /* AddPasswordView.swift */,
				B7FAAB512C2A8AA2008724DA /* PasswordDetailView.swift */,
				B7FAAB532C2A9283008724DA /* BottomSheetView.swift */,
				B7FAAB582C2AA41B008724DA /* EncryptionHelper.swift */,
				B7FAAB552C2AA382008724DA /* PasswordModel.xcdatamodeld */,
				B7FAAB3D2C2A88D5008724DA /* Assets.xcassets */,
				B7FAAB3F2C2A88D5008724DA /* Preview Content */,
			);
			path = PasswordManager;
			sourceTree = "<group>";
		};
		B7FAAB3F2C2A88D5008724DA /* Preview Content */ = {
			isa = PBXGroup;
			children = (
				B7FAAB402C2A88D5008724DA /* Preview Assets.xcassets */,
			);
			path = "Preview Content";
			sourceTree = "<group>";
		};
/* End PBXGroup section */

/* Begin PBXNativeTarget section */
		B7FAAB352C2A88D3008724DA /* PasswordManager */ = {
			isa = PBXNativeTarget;
			buildConfigurationList = B7FAAB442C2A88D5008724DA /* Build configuration list for PBXNativeTarget "PasswordManager" */;
			buildPhases = (
				B7FAAB322C2A88D3008724DA /* Sources */,
				B7FAAB332C2A88D3008724DA /* Frameworks */,
				B7FAAB342C2A88D3008724DA /* Resources */,
			);
			buildRules = (
			);
			dependencies = (
			);
			name = PasswordManager;
			productName = PasswordManager;
			productReference = B7FAAB362C2A88D3008724DA /* PasswordManager.app */;
			productType = "com.apple.product-type.application";
		};
/* End PBXNativeTarget section */

/* Begin PBXProject section */
		B7FAAB2E2C2A88D3008724DA /* Project object */ = {
			isa = PBXProject;
			attributes = {
				BuildIndependentTargetsInParallel = 1;
				LastSwiftUpdateCheck = 1520;
				LastUpgradeCheck = 1520;
				TargetAttributes = {
					B7FAAB352C2A88D3008724DA = {
						CreatedOnToolsVersion = 15.2;
					};
				};
			};
			buildConfigurationList = B7FAAB312C2A88D3008724DA /* Build configuration list for PBXProject "PasswordManager" */;
			compatibilityVersion = "Xcode 14.0";
			developmentRegion = en;
			hasScannedForEncodings = 0;
			knownRegions = (
				en,
				Base,
			);
			mainGroup = B7FAAB2D2C2A88D3008724DA;
			productRefGroup = B7FAAB372C2A88D3008724DA /* Products */;
			projectDirPath = "";
			projectRoot = "";
			targets = (
				B7FAAB352C2A88D3008724DA /* PasswordManager */,
			);
		};
/* End PBXProject section */

/* Begin PBXResourcesBuildPhase section */
		B7FAAB342C2A88D3008724DA /* Resources */ = {
			isa = PBXResourcesBuildPhase;
			buildActionMask = 2147483647;
			files = (
				B7FAAB412C2A88D5008724DA /* Preview Assets.xcassets in Resources */,
				B7FAAB3E2C2A88D5008724DA /* Assets.xcassets in Resources */,
			);
			runOnlyForDeploymentPostprocessing = 0;
		};
/* End PBXResourcesBuildPhase section */

/* Begin PBXSourcesBuildPhase section */
		B7FAAB322C2A88D3008724DA /* Sources */ = {
			isa = PBXSourcesBuildPhase;
			buildActionMask = 2147483647;
			files = (
				B7FAAB592C2AA41B008724DA /* EncryptionHelper.swift in Sources */,
				B7FAAB482C2A89BC008724DA /* Password.swift in Sources */,
				B7FAAB542C2A9283008724DA /* BottomSheetView.swift in Sources */,
				B7FAAB3C2C2A88D3008724DA /* ContentView.swift in Sources */,
				B7FAAB4C2C2A8A36008724DA /* PasswordStore.swift in Sources */,
				B7FAAB4E2C2A8A5B008724DA /* HomeView.swift in Sources */,
				B7FAAB522C2A8AA2008724DA /* PasswordDetailView.swift in Sources */,
				B7FAAB3A2C2A88D3008724DA /* PasswordManagerApp.swift in Sources */,
				B7FAAB572C2AA382008724DA /* PasswordModel.xcdatamodeld in Sources */,
				B7FAAB502C2A8A80008724DA /* AddPasswordView.swift in Sources */,
			);
			runOnlyForDeploymentPostprocessing = 0;
		};
/* End PBXSourcesBuildPhase section */

/* Begin XCBuildConfiguration section */
		B7FAAB422C2A88D5008724DA /* Debug */ = {
			isa = XCBuildConfiguration;
			buildSettings = {
				ALWAYS_SEARCH_USER_PATHS = NO;
				ASSETCATALOG_COMPILER_GENERATE_SWIFT_ASSET_SYMBOL_EXTENSIONS = YES;
				CLANG_ANALYZER_NONNULL = YES;
				CLANG_ANALYZER_NUMBER_OBJECT_CONVERSION = YES_AGGRESSIVE;
				CLANG_CXX_LANGUAGE_STANDARD = "gnu++20";
				CLANG_ENABLE_MODULES = YES;
				CLANG_ENABLE_OBJC_ARC = YES;
				CLANG_ENABLE_OBJC_WEAK = YES;
				CLANG_WARN_BLOCK_CAPTURE_AUTORELEASING = YES;
				CLANG_WARN_BOOL_CONVERSION = YES;
				CLANG_WARN_COMMA = YES;
				CLANG_WARN_CONSTANT_CONVERSION = YES;
				CLANG_WARN_DEPRECATED_OBJC_IMPLEMENTATIONS = YES;
				CLANG_WARN_DIRECT_OBJC_ISA_USAGE = YES_ERROR;
				CLANG_WARN_DOCUMENTATION_COMMENTS = YES;
				CLANG_WARN_EMPTY_BODY = YES;
				CLANG_WARN_ENUM_CONVERSION = YES;
				CLANG_WARN_INFINITE_RECURSION = YES;
				CLANG_WARN_INT_CONVERSION = YES;
				CLANG_WARN_NON_LITERAL_NULL_CONVERSION = YES;
				CLANG_WARN_OBJC_IMPLICIT_RETAIN_SELF = YES;
				CLANG_WARN_OBJC_LITERAL_CONVERSION = YES;
				CLANG_WARN_OBJC_ROOT_CLASS = YES_ERROR;
				CLANG_WARN_QUOTED_INCLUDE_IN_FRAMEWORK_HEADER = YES;
				CLANG_WARN_RANGE_LOOP_ANALYSIS = YES;
				CLANG_WARN_STRICT_PROTOTYPES = YES;
				CLANG_WARN_SUSPICIOUS_MOVE = YES;
				CLANG_WARN_UNGUARDED_AVAILABILITY = YES_AGGRESSIVE;
				CLANG_WARN_UNREACHABLE_CODE = YES;
				CLANG_WARN__DUPLICATE_METHOD_MATCH = YES;
				COPY_PHASE_STRIP = NO;
				DEBUG_INFORMATION_FORMAT = dwarf;
				ENABLE_STRICT_OBJC_MSGSEND = YES;
				ENABLE_TESTABILITY = YES;
				ENABLE_USER_SCRIPT_SANDBOXING = YES;
				GCC_C_LANGUAGE_STANDARD = gnu17;
				GCC_DYNAMIC_NO_PIC = NO;
				GCC_NO_COMMON_BLOCKS = YES;
				GCC_OPTIMIZATION_LEVEL = 0;
				GCC_PREPROCESSOR_DEFINITIONS = (
					"DEBUG=1",
					"$(inherited)",
				);
				GCC_WARN_64_TO_32_BIT_CONVERSION = YES;
				GCC_WARN_ABOUT_RETURN_TYPE = YES_ERROR;
				GCC_WARN_UNDECLARED_SELECTOR = YES;
				GCC_WARN_UNINITIALIZED_AUTOS = YES_AGGRESSIVE;
				GCC_WARN_UNUSED_FUNCTION = YES;
				GCC_WARN_UNUSED_VARIABLE = YES;
				IPHONEOS_DEPLOYMENT_TARGET = 17.2;
				LOCALIZATION_PREFERS_STRING_CATALOGS = YES;
				MTL_ENABLE_DEBUG_INFO = INCLUDE_SOURCE;
				MTL_FAST_MATH = YES;
				ONLY_ACTIVE_ARCH = YES;
				SDKROOT = iphoneos;
				SWIFT_ACTIVE_COMPILATION_CONDITIONS = "DEBUG $(inherited)";
				SWIFT_OPTIMIZATION_LEVEL = "-Onone";
			};
			name = Debug;
		};
		B7FAAB432C2A88D5008724DA /* Release */ = {
			isa = XCBuildConfiguration;
			buildSettings = {
				ALWAYS_SEARCH_USER_PATHS = NO;
				ASSETCATALOG_COMPILER_GENERATE_SWIFT_ASSET_SYMBOL_EXTENSIONS = YES;
				CLANG_ANALYZER_NONNULL = YES;
				CLANG_ANALYZER_NUMBER_OBJECT_CONVERSION = YES_AGGRESSIVE;
				CLANG_CXX_LANGUAGE_STANDARD = "gnu++20";
				CLANG_ENABLE_MODULES = YES;
				CLANG_ENABLE_OBJC_ARC = YES;
				CLANG_ENABLE_OBJC_WEAK = YES;
				CLANG_WARN_BLOCK_CAPTURE_AUTORELEASING = YES;
				CLANG_WARN_BOOL_CONVERSION = YES;
				CLANG_WARN_COMMA = YES;
				CLANG_WARN_CONSTANT_CONVERSION = YES;
				CLANG_WARN_DEPRECATED_OBJC_IMPLEMENTATIONS = YES;
				CLANG_WARN_DIRECT_OBJC_ISA_USAGE = YES_ERROR;
				CLANG_WARN_DOCUMENTATION_COMMENTS = YES;
				CLANG_WARN_EMPTY_BODY = YES;
				CLANG_WARN_ENUM_CONVERSION = YES;
				CLANG_WARN_INFINITE_RECURSION = YES;
				CLANG_WARN_INT_CONVERSION = YES;
				CLANG_WARN_NON_LITERAL_NULL_CONVERSION = YES;
				CLANG_WARN_OBJC_IMPLICIT_RETAIN_SELF = YES;
				CLANG_WARN_OBJC_LITERAL_CONVERSION = YES;
				CLANG_WARN_OBJC_ROOT_CLASS = YES_ERROR;
				CLANG_WARN_QUOTED_INCLUDE_IN_FRAMEWORK_HEADER = YES;
				CLANG_WARN_RANGE_LOOP_ANALYSIS = YES;
				CLANG_WARN_STRICT_PROTOTYPES = YES;
				CLANG_WARN_SUSPICIOUS_MOVE = YES;
				CLANG_WARN_UNGUARDED_AVAILABILITY = YES_AGGRESSIVE;
				CLANG_WARN_UNREACHABLE_CODE = YES;
				CLANG_WARN__DUPLICATE_METHOD_MATCH = YES;
				COPY_PHASE_STRIP = NO;
				DEBUG_INFORMATION_FORMAT = "dwarf-with-dsym";
				ENABLE_NS_ASSERTIONS = NO;
				ENABLE_STRICT_OBJC_MSGSEND = YES;
				ENABLE_USER_SCRIPT_SANDBOXING = YES;
				GCC_C_LANGUAGE_STANDARD = gnu17;
				GCC_NO_COMMON_BLOCKS = YES;
				GCC_WARN_64_TO_32_BIT_CONVERSION = YES;
				GCC_WARN_ABOUT_RETURN_TYPE = YES_ERROR;
				GCC_WARN_UNDECLARED_SELECTOR = YES;
				GCC_WARN_UNINITIALIZED_AUTOS = YES_AGGRESSIVE;
				GCC_WARN_UNUSED_FUNCTION = YES;
				GCC_WARN_UNUSED_VARIABLE = YES;
				IPHONEOS_DEPLOYMENT_TARGET = 17.2;
				LOCALIZATION_PREFERS_STRING_CATALOGS = YES;
				MTL_ENABLE_DEBUG_INFO = NO;
				MTL_FAST_MATH = YES;
				SDKROOT = iphoneos;
				SWIFT_COMPILATION_MODE = wholemodule;
				VALIDATE_PRODUCT = YES;
			};
			name = Release;
		};
		B7FAAB452C2A88D5008724DA /* Debug */ = {
			isa = XCBuildConfiguration;
			buildSettings = {
				ASSETCATALOG_COMPILER_APPICON_NAME = AppIcon;
				ASSETCATALOG_COMPILER_GLOBAL_ACCENT_COLOR_NAME = AccentColor;
				CODE_SIGN_STYLE = Automatic;
				CURRENT_PROJECT_VERSION = 1;
				DEVELOPMENT_ASSET_PATHS = "\"PasswordManager/Preview Content\"";
				DEVELOPMENT_TEAM = S3K245H96F;
				ENABLE_PREVIEWS = YES;
				GENERATE_INFOPLIST_FILE = YES;
				INFOPLIST_KEY_UIApplicationSceneManifest_Generation = YES;
				INFOPLIST_KEY_UIApplicationSupportsIndirectInputEvents = YES;
				INFOPLIST_KEY_UILaunchScreen_Generation = YES;
				INFOPLIST_KEY_UISupportedInterfaceOrientations_iPad = "UIInterfaceOrientationPortrait UIInterfaceOrientationPortraitUpsideDown UIInterfaceOrientationLandscapeLeft UIInterfaceOrientationLandscapeRight";
				INFOPLIST_KEY_UISupportedInterfaceOrientations_iPhone = "UIInterfaceOrientationPortrait UIInterfaceOrientationLandscapeLeft UIInterfaceOrientationLandscapeRight";
				LD_RUNPATH_SEARCH_PATHS = (
					"$(inherited)",
					"@executable_path/Frameworks",
				);
				MARKETING_VERSION = 1.0;
				PRODUCT_BUNDLE_IDENTIFIER = Test.PasswordManager;
				PRODUCT_NAME = "$(TARGET_NAME)";
				SWIFT_EMIT_LOC_STRINGS = YES;
				SWIFT_VERSION = 5.0;
				TARGETED_DEVICE_FAMILY = "1,2";
			};
			name = Debug;
		};
		B7FAAB462C2A88D5008724DA /* Release */ = {
			isa = XCBuildConfiguration;
			buildSettings = {
				ASSETCATALOG_COMPILER_APPICON_NAME = AppIcon;
				ASSETCATALOG_COMPILER_GLOBAL_ACCENT_COLOR_NAME = AccentColor;
				CODE_SIGN_STYLE = Automatic;
				CURRENT_PROJECT_VERSION = 1;
				DEVELOPMENT_ASSET_PATHS = "\"PasswordManager/Preview Content\"";
				DEVELOPMENT_TEAM = S3K245H96F;
				ENABLE_PREVIEWS = YES;
				GENERATE_INFOPLIST_FILE = YES;
				INFOPLIST_KEY_UIApplicationSceneManifest_Generation = YES;
				INFOPLIST_KEY_UIApplicationSupportsIndirectInputEvents = YES;
				INFOPLIST_KEY_UILaunchScreen_Generation = YES;
				INFOPLIST_KEY_UISupportedInterfaceOrientations_iPad = "UIInterfaceOrientationPortrait UIInterfaceOrientationPortraitUpsideDown UIInterfaceOrientationLandscapeLeft UIInterfaceOrientationLandscapeRight";
				INFOPLIST_KEY_UISupportedInterfaceOrientations_iPhone = "UIInterfaceOrientationPortrait UIInterfaceOrientationLandscapeLeft UIInterfaceOrientationLandscapeRight";
				LD_RUNPATH_SEARCH_PATHS = (
					"$(inherited)",
					"@executable_path/Frameworks",
				);
				MARKETING_VERSION = 1.0;
				PRODUCT_BUNDLE_IDENTIFIER = Test.PasswordManager;
				PRODUCT_NAME = "$(TARGET_NAME)";
				SWIFT_EMIT_LOC_STRINGS = YES;
				SWIFT_VERSION = 5.0;
				TARGETED_DEVICE_FAMILY = "1,2";
			};
			name = Release;
		};
/* End XCBuildConfiguration section */

/* Begin XCConfigurationList section */
		B7FAAB312C2A88D3008724DA /* Build configuration list for PBXProject "PasswordManager" */ = {
			isa = XCConfigurationList;
			buildConfigurations = (
				B7FAAB422C2A88D5008724DA /* Debug */,
				B7FAAB432C2A88D5008724DA /* Release */,
			);
			defaultConfigurationIsVisible = 0;
			defaultConfigurationName = Release;
		};
		B7FAAB442C2A88D5008724DA /* Build configuration list for PBXNativeTarget "PasswordManager" */ = {
			isa = XCConfigurationList;
			buildConfigurations = (
				B7FAAB452C2A88D5008724DA /* Debug */,
				B7FAAB462C2A88D5008724DA /* Release */,
			);
			defaultConfigurationIsVisible = 0;
			defaultConfigurationName = Release;
		};
/* End XCConfigurationList section */

/* Begin XCVersionGroup section */
		B7FAAB552C2AA382008724DA /* PasswordModel.xcdatamodeld */ = {
			isa = XCVersionGroup;
			children = (
				B7FAAB562C2AA382008724DA /* PasswordModel.xcdatamodel */,
			);
			currentVersion = B7FAAB562C2AA382008724DA /* PasswordModel.xcdatamodel */;
			path = PasswordModel.xcdatamodeld;
			sourceTree = "<group>";
			versionGroupType = wrapper.xcdatamodel;
		};
/* End XCVersionGroup section */
	};
	rootObject = B7FAAB2E2C2A88D3008724DA /* Project object */;
}
